
Microsoft Visual Studio Solution File, Format Version 12.00
# Visual Studio Version 16
VisualStudioVersion = 16.0.32901.82
MinimumVisualStudioVersion = 10.0.40219.1
Project("{2150E333-8FDC-42A3-9474-1A3956D46DE8}") = "infra", "infra", "{A4EB9598-0054-4053-B166-7E4561AE8FE3}"
	ProjectSection(SolutionItems) = preProject
		tye.yaml = tye.yaml
	EndProjectSection
EndProject
Project("{9A19103F-16F7-4668-BE54-9A1E7A4F7556}") = "oiga.test.user.register", "oiga.test.user.register\oiga.test.user.register.csproj", "{B5174861-D3E1-488F-A52B-D4B58BF577B4}"
EndProject
Project("{9A19103F-16F7-4668-BE54-9A1E7A4F7556}") = "oiga.test.user.search", "oiga.test.user.search\oiga.test.user.search.csproj", "{B8B847B7-22E7-4BEC-B5C8-69144AEE63A7}"
EndProject
Project("{9A19103F-16F7-4668-BE54-9A1E7A4F7556}") = "oiga.test.user.common", "oiga.test.user.common\oiga.test.user.common.csproj", "{6537B230-443E-483D-BECC-58318D984F0E}"
EndProject
Project("{2150E333-8FDC-42A3-9474-1A3956D46DE8}") = "components", "components", "{B30E56CE-8DAE-4760-9543-36546AC71D65}"
	ProjectSection(SolutionItems) = preProject
		components\pubsub.yaml = components\pubsub.yaml
	EndProjectSection
EndProject
Project("{FAE04EC0-301F-11D3-BF4B-00C04F79EFBC}") = "oiga.test.user.front", "oiga.test.user.front\oiga.test.user.front.csproj", "{A60D4D33-CEAF-4AB6-B6B4-A0BF82C422D6}"
EndProject
Global
	GlobalSection(SolutionConfigurationPlatforms) = preSolution
		Debug|Any CPU = Debug|Any CPU
		Release|Any CPU = Release|Any CPU
	EndGlobalSection
	GlobalSection(ProjectConfigurationPlatforms) = postSolution
		{B5174861-D3E1-488F-A52B-D4B58BF577B4}.Debug|Any CPU.ActiveCfg = Debug|Any CPU
		{B5174861-D3E1-488F-A52B-D4B58BF577B4}.Debug|Any CPU.Build.0 = Debug|Any CPU
		{B5174861-D3E1-488F-A52B-D4B58BF577B4}.Release|Any CPU.ActiveCfg = Release|Any CPU
		{B5174861-D3E1-488F-A52B-D4B58BF577B4}.Release|Any CPU.Build.0 = Release|Any CPU
		{B8B847B7-22E7-4BEC-B5C8-69144AEE63A7}.Debug|Any CPU.ActiveCfg = Debug|Any CPU
		{B8B847B7-22E7-4BEC-B5C8-69144AEE63A7}.Debug|Any CPU.Build.0 = Debug|Any CPU
		{B8B847B7-22E7-4BEC-B5C8-69144AEE63A7}.Release|Any CPU.ActiveCfg = Release|Any CPU
		{B8B847B7-22E7-4BEC-B5C8-69144AEE63A7}.Release|Any CPU.Build.0 = Release|Any CPU
		{6537B230-443E-483D-BECC-58318D984F0E}.Debug|Any CPU.ActiveCfg = Debug|Any CPU
		{6537B230-443E-483D-BECC-58318D984F0E}.Debug|Any CPU.Build.0 = Debug|Any CPU
		{6537B230-443E-483D-BECC-58318D984F0E}.Release|Any CPU.ActiveCfg = Release|Any CPU
		{6537B230-443E-483D-BECC-58318D984F0E}.Release|Any CPU.Build.0 = Release|Any CPU
		{A60D4D33-CEAF-4AB6-B6B4-A0BF82C422D6}.Debug|Any CPU.ActiveCfg = Debug|Any CPU
		{A60D4D33-CEAF-4AB6-B6B4-A0BF82C422D6}.Debug|Any CPU.Build.0 = Debug|Any CPU
		{A60D4D33-CEAF-4AB6-B6B4-A0BF82C422D6}.Release|Any CPU.ActiveCfg = Release|Any CPU
		{A60D4D33-CEAF-4AB6-B6B4-A0BF82C422D6}.Release|Any CPU.Build.0 = Release|Any CPU
	EndGlobalSection
	GlobalSection(SolutionProperties) = preSolution
		HideSolutionNode = FALSE
	EndGlobalSection
	GlobalSection(NestedProjects) = preSolution
		{B30E56CE-8DAE-4760-9543-36546AC71D65} = {A4EB9598-0054-4053-B166-7E4561AE8FE3}
	EndGlobalSection
	GlobalSection(ExtensibilityGlobals) = postSolution
		SolutionGuid = {E7162E14-8B77-4508-9078-5E42434E241E}
	EndGlobalSection
EndGlobal
